
Microsoft Visual Studio Solution File, Format Version 12.00
# Visual Studio Version 17
VisualStudioVersion = 17.10.34928.147
MinimumVisualStudioVersion = 10.0.40219.1
Project("{FAE04EC0-301F-11D3-BF4B-00C04F79EFBC}") = "ServiceStation", "ServiceStation\ServiceStation.csproj", "{A474DF05-53E6-4F0E-835A-5D6E00CB3622}"
EndProject
Global
	GlobalSection(SolutionConfigurationPlatforms) = preSolution
		Debug|Any CPU = Debug|Any CPU
		Release|Any CPU = Release|Any CPU
	EndGlobalSection
	GlobalSection(ProjectConfigurationPlatforms) = postSolution
		{A474DF05-53E6-4F0E-835A-5D6E00CB3622}.Debug|Any CPU.ActiveCfg = Debug|Any CPU
		{A474DF05-53E6-4F0E-835A-5D6E00CB3622}.Debug|Any CPU.Build.0 = Debug|Any CPU
		{A474DF05-53E6-4F0E-835A-5D6E00CB3622}.Release|Any CPU.ActiveCfg = Release|Any CPU
		{A474DF05-53E6-4F0E-835A-5D6E00CB3622}.Release|Any CPU.Build.0 = Release|Any CPU
	EndGlobalSection
	GlobalSection(SolutionProperties) = preSolution
		HideSolutionNode = FALSE
	EndGlobalSection
	GlobalSection(ExtensibilityGlobals) = postSolution
		SolutionGuid = {BCAE9324-51A0-43A9-A973-74B10CC60FAA}
	EndGlobalSection
EndGlobal
